
Microsoft Visual Studio Solution File, Format Version 12.00
# Visual Studio Version 17
VisualStudioVersion = 17.9.34723.18
MinimumVisualStudioVersion = 10.0.40219.1
Project("{9A19103F-16F7-4668-BE54-9A1E7A4F7556}") = "MMM.Attributes", "MMM.Attributes\MMM.Attributes.csproj", "{24C63EBE-E17D-450D-AE1E-949F01BD45E8}"
EndProject
Project("{9A19103F-16F7-4668-BE54-9A1E7A4F7556}") = "MMM.Scanner", "MMM.Scanner\MMM.Scanner.csproj", "{E403777B-0937-4799-ACD5-7EE282BD7DF9}"
EndProject
Global
	GlobalSection(SolutionConfigurationPlatforms) = preSolution
		Debug|Any CPU = Debug|Any CPU
		Release|Any CPU = Release|Any CPU
	EndGlobalSection
	GlobalSection(ProjectConfigurationPlatforms) = postSolution
		{24C63EBE-E17D-450D-AE1E-949F01BD45E8}.Debug|Any CPU.ActiveCfg = Debug|Any CPU
		{24C63EBE-E17D-450D-AE1E-949F01BD45E8}.Debug|Any CPU.Build.0 = Debug|Any CPU
		{24C63EBE-E17D-450D-AE1E-949F01BD45E8}.Release|Any CPU.ActiveCfg = Release|Any CPU
		{24C63EBE-E17D-450D-AE1E-949F01BD45E8}.Release|Any CPU.Build.0 = Release|Any CPU
		{E403777B-0937-4799-ACD5-7EE282BD7DF9}.Debug|Any CPU.ActiveCfg = Debug|Any CPU
		{E403777B-0937-4799-ACD5-7EE282BD7DF9}.Debug|Any CPU.Build.0 = Debug|Any CPU
		{E403777B-0937-4799-ACD5-7EE282BD7DF9}.Release|Any CPU.ActiveCfg = Release|Any CPU
		{E403777B-0937-4799-ACD5-7EE282BD7DF9}.Release|Any CPU.Build.0 = Release|Any CPU
	EndGlobalSection
	GlobalSection(SolutionProperties) = preSolution
		HideSolutionNode = FALSE
	EndGlobalSection
EndGlobal
